schema: '2.0'
stages:
  load_data:
    cmd: python src/load_data.py --config=params.yaml
    deps:
    - path: data_given/winequalityN.csv
      md5: be27b6f214fffe4c84f60b2036c292a8
      size: 390376
    - path: src/get_data.py
      md5: d10ce1253c06dbd0a85a64fdfb6f22de
      size: 671
    - path: src/load_data.py
      md5: 71e37a787318174a15d0e6402ccd4b4c
      size: 871
    outs:
    - path: data/raw/winequalityN.csv
      md5: 3e5605fdc4ea13eb84ae07f9f33f0b59
      size: 383526
  split_data:
    cmd: python src/split_data.py --config=params.yaml
    deps:
    - path: data/raw/winequalityN.csv
      md5: 3e5605fdc4ea13eb84ae07f9f33f0b59
      size: 383526
    - path: src/split_data.py
      md5: 221e0a639596efae319423f56f8e34de
      size: 1113
    outs:
    - path: data/processed/test_winequalityN.csv
      md5: c09ab0651844a436f8c675333176f7db
      size: 76814
    - path: data/processed/train_winequalityN.csv
      md5: 8991f9923c41bfb4224b2abae7742845
      size: 306859
  train_and_evaluate:
    cmd: python src/train_and_evaluate.py --config=params.yaml
    deps:
    - path: data/processed/test_winequalityN.csv
      md5: c09ab0651844a436f8c675333176f7db
      size: 76814
    - path: data/processed/train_winequalityN.csv
      md5: 8991f9923c41bfb4224b2abae7742845
      size: 306859
    - path: src/train_and_evaluate.py
      md5: 1d076a039ce1cbea029b356e02533b8e
      size: 3983
    params:
      params.yaml:
        estimators.ElasticNet.params.alpha: 0.4
        estimators.ElasticNet.params.l1_ratio: 0.6
  log_production_model:
    cmd: python src/log_production_model.py --config=params.yaml
    deps:
    - path: src/log_production_model.py
      md5: cf95453721532a4608fa76614da414cc
      size: 1974
